// !$*UTF8*$!
{
	archiveVersion = 1;
	classes = {
	};
	objectVersion = 50;
	objects = {

/* Begin PBXBuildFile section */
		36B7C6D52106078D004C4B28 /* Log.storyboard in Resources */ = {isa = PBXBuildFile; fileRef = 36B7C6D42106078D004C4B28 /* Log.storyboard */; };
		36B7C6D721060B25004C4B28 /* PostDetail.storyboard in Resources */ = {isa = PBXBuildFile; fileRef = 36B7C6D621060B25004C4B28 /* PostDetail.storyboard */; };
		36B7C6D921060BA5004C4B28 /* Writing.storyboard in Resources */ = {isa = PBXBuildFile; fileRef = 36B7C6D821060BA5004C4B28 /* Writing.storyboard */; };
		36B7C6DB21060C1D004C4B28 /* Calendar.storyboard in Resources */ = {isa = PBXBuildFile; fileRef = 36B7C6DA21060C1D004C4B28 /* Calendar.storyboard */; };
		36B7C6DD21060DD6004C4B28 /* Map.storyboard in Resources */ = {isa = PBXBuildFile; fileRef = 36B7C6DC21060DD6004C4B28 /* Map.storyboard */; };
		36B7C6DF21060E9C004C4B28 /* LogData.swift in Sources */ = {isa = PBXBuildFile; fileRef = 36B7C6DE21060E9C004C4B28 /* LogData.swift */; };
		36B7C6E22106192C004C4B28 /* PostDetailTitleCell.swift in Sources */ = {isa = PBXBuildFile; fileRef = 36B7C6E12106192C004C4B28 /* PostDetailTitleCell.swift */; };
		36B7C6E42106193E004C4B28 /* PostDetailImageCell.swift in Sources */ = {isa = PBXBuildFile; fileRef = 36B7C6E32106193E004C4B28 /* PostDetailImageCell.swift */; };
		36DB052721062CAF00C44FD8 /* Bundle+.swift in Sources */ = {isa = PBXBuildFile; fileRef = 36DB052621062CAF00C44FD8 /* Bundle+.swift */; };
		4F03A12F20F60B5800DF8B8F /* mapStyle.json in Resources */ = {isa = PBXBuildFile; fileRef = 4F03A12E20F60B5700DF8B8F /* mapStyle.json */; };
		4F0CD97C20E2698800B59692 /* UIColor+.swift in Sources */ = {isa = PBXBuildFile; fileRef = 4F0CD97B20E2698800B59692 /* UIColor+.swift */; };
		4F213CEE20E10877005565A6 /* MapViewController.swift in Sources */ = {isa = PBXBuildFile; fileRef = 4F213CED20E10877005565A6 /* MapViewController.swift */; };
		4F2998F520EA4E8C00A4E157 /* TabBarController.swift in Sources */ = {isa = PBXBuildFile; fileRef = 4F2998F420EA4E8C00A4E157 /* TabBarController.swift */; };
		4F49C68920EE833000156CFB /* CalendarDate.swift in Sources */ = {isa = PBXBuildFile; fileRef = 4F49C68820EE833000156CFB /* CalendarDate.swift */; };
		4F49C68D20EE86FC00156CFB /* CalendarCell.swift in Sources */ = {isa = PBXBuildFile; fileRef = 4F49C68C20EE86FC00156CFB /* CalendarCell.swift */; };
		4F765763210DE476009BF5F1 /* DateFommat+.swift in Sources */ = {isa = PBXBuildFile; fileRef = 4F765762210DE476009BF5F1 /* DateFommat+.swift */; };
		4F78366F20FA17B000191051 /* UIView+.swift in Sources */ = {isa = PBXBuildFile; fileRef = 4F78366E20FA17B000191051 /* UIView+.swift */; };
		4F787E2F20EE33010068B061 /* Camera.swift in Sources */ = {isa = PBXBuildFile; fileRef = 4F787E2E20EE33010068B061 /* Camera.swift */; };
		4F80D51020EC90B600B6C36C /* LogViewController.swift in Sources */ = {isa = PBXBuildFile; fileRef = 4F80D50F20EC90B600B6C36C /* LogViewController.swift */; };
		4F80D51220EC90C500B6C36C /* CalendarController.swift in Sources */ = {isa = PBXBuildFile; fileRef = 4F80D51120EC90C500B6C36C /* CalendarController.swift */; };
		4F9C01B3210456C800088212 /* PostCell.swift in Sources */ = {isa = PBXBuildFile; fileRef = 4F9C01B2210456C800088212 /* PostCell.swift */; };
		4F9E1C8C20FC3B6B006047C1 /* WritingViewController.swift in Sources */ = {isa = PBXBuildFile; fileRef = 4F9E1C8B20FC3B6B006047C1 /* WritingViewController.swift */; };
		4F9E1C8E20FCB3AF006047C1 /* WishListCell.swift in Sources */ = {isa = PBXBuildFile; fileRef = 4F9E1C8D20FCB3AF006047C1 /* WishListCell.swift */; };
		4FB218B9211177AE0093AB91 /* PostDetailTextCell.swift in Sources */ = {isa = PBXBuildFile; fileRef = 4FB218B8211177AE0093AB91 /* PostDetailTextCell.swift */; };
		4FD0063B20EFE0FC00AF7DED /* DataManager.swift in Sources */ = {isa = PBXBuildFile; fileRef = 4FD0063A20EFE0FC00AF7DED /* DataManager.swift */; };
		4FDBAEA620EF402700926817 /* Diary.swift in Sources */ = {isa = PBXBuildFile; fileRef = 4FDBAEA520EF402700926817 /* Diary.swift */; };
		4FF007BA20E100C800B7C922 /* AppDelegate.swift in Sources */ = {isa = PBXBuildFile; fileRef = 4FF007B920E100C800B7C922 /* AppDelegate.swift */; };
		4FF007C120E100C800B7C922 /* Main.storyboard in Resources */ = {isa = PBXBuildFile; fileRef = 4FF007BF20E100C800B7C922 /* Main.storyboard */; };
		4FF007C320E100CB00B7C922 /* Assets.xcassets in Resources */ = {isa = PBXBuildFile; fileRef = 4FF007C220E100CB00B7C922 /* Assets.xcassets */; };
		4FF007C620E100CB00B7C922 /* LaunchScreen.storyboard in Resources */ = {isa = PBXBuildFile; fileRef = 4FF007C420E100CB00B7C922 /* LaunchScreen.storyboard */; };
		4FFEC4AC21047B2B00C09475 /* PostDetailController.swift in Sources */ = {isa = PBXBuildFile; fileRef = 4FFEC4AB21047B2B00C09475 /* PostDetailController.swift */; };
		56BB0EB4F06E512D61E58F3D /* Pods_kamimeguri.framework in Frameworks */ = {isa = PBXBuildFile; fileRef = 6E51A6C08B5585BB4A578A9B /* Pods_kamimeguri.framework */; };
		7AE565402115A39000654FF2 /* FileManager+.swift in Sources */ = {isa = PBXBuildFile; fileRef = 7AE5653F2115A39000654FF2 /* FileManager+.swift */; };
/* End PBXBuildFile section */

/* Begin PBXBuildRule section */
		7A42A9B92116E14D007D4C8F /* PBXBuildRule */ = {
			isa = PBXBuildRule;
			compilerSpec = com.apple.compilers.proxy.script;
			fileType = text.plist;
			isEditable = 1;
			outputFiles = (
			);
			script = "# builtin-copyPlist\n";
		};
/* End PBXBuildRule section */

/* Begin PBXFileReference section */
		36B7C6D42106078D004C4B28 /* Log.storyboard */ = {isa = PBXFileReference; lastKnownFileType = file.storyboard; path = Log.storyboard; sourceTree = "<group>"; };
		36B7C6D621060B25004C4B28 /* PostDetail.storyboard */ = {isa = PBXFileReference; lastKnownFileType = file.storyboard; path = PostDetail.storyboard; sourceTree = "<group>"; };
		36B7C6D821060BA5004C4B28 /* Writing.storyboard */ = {isa = PBXFileReference; lastKnownFileType = file.storyboard; path = Writing.storyboard; sourceTree = "<group>"; };
		36B7C6DA21060C1D004C4B28 /* Calendar.storyboard */ = {isa = PBXFileReference; lastKnownFileType = file.storyboard; path = Calendar.storyboard; sourceTree = "<group>"; };
		36B7C6DC21060DD6004C4B28 /* Map.storyboard */ = {isa = PBXFileReference; lastKnownFileType = file.storyboard; path = Map.storyboard; sourceTree = "<group>"; };
		36B7C6DE21060E9C004C4B28 /* LogData.swift */ = {isa = PBXFileReference; lastKnownFileType = sourcecode.swift; path = LogData.swift; sourceTree = "<group>"; };
		36B7C6E12106192C004C4B28 /* PostDetailTitleCell.swift */ = {isa = PBXFileReference; lastKnownFileType = sourcecode.swift; path = PostDetailTitleCell.swift; sourceTree = "<group>"; };
		36B7C6E32106193E004C4B28 /* PostDetailImageCell.swift */ = {isa = PBXFileReference; lastKnownFileType = sourcecode.swift; path = PostDetailImageCell.swift; sourceTree = "<group>"; };
		36DB052621062CAF00C44FD8 /* Bundle+.swift */ = {isa = PBXFileReference; lastKnownFileType = sourcecode.swift; path = "Bundle+.swift"; sourceTree = "<group>"; };
		4F03A12E20F60B5700DF8B8F /* mapStyle.json */ = {isa = PBXFileReference; fileEncoding = 4; lastKnownFileType = text.json; path = mapStyle.json; sourceTree = "<group>"; };
		4F0CD97B20E2698800B59692 /* UIColor+.swift */ = {isa = PBXFileReference; lastKnownFileType = sourcecode.swift; path = "UIColor+.swift"; sourceTree = "<group>"; };
		4F213CED20E10877005565A6 /* MapViewController.swift */ = {isa = PBXFileReference; lastKnownFileType = sourcecode.swift; path = MapViewController.swift; sourceTree = "<group>"; };
		4F2998F420EA4E8C00A4E157 /* TabBarController.swift */ = {isa = PBXFileReference; lastKnownFileType = sourcecode.swift; path = TabBarController.swift; sourceTree = "<group>"; };
		4F49C68820EE833000156CFB /* CalendarDate.swift */ = {isa = PBXFileReference; lastKnownFileType = sourcecode.swift; path = CalendarDate.swift; sourceTree = "<group>"; };
		4F49C68C20EE86FC00156CFB /* CalendarCell.swift */ = {isa = PBXFileReference; lastKnownFileType = sourcecode.swift; path = CalendarCell.swift; sourceTree = "<group>"; };
		4F765762210DE476009BF5F1 /* DateFommat+.swift */ = {isa = PBXFileReference; lastKnownFileType = sourcecode.swift; path = "DateFommat+.swift"; sourceTree = "<group>"; };
		4F78366E20FA17B000191051 /* UIView+.swift */ = {isa = PBXFileReference; lastKnownFileType = sourcecode.swift; path = "UIView+.swift"; sourceTree = "<group>"; };
		4F787E2E20EE33010068B061 /* Camera.swift */ = {isa = PBXFileReference; lastKnownFileType = sourcecode.swift; path = Camera.swift; sourceTree = "<group>"; };
		4F80D50F20EC90B600B6C36C /* LogViewController.swift */ = {isa = PBXFileReference; lastKnownFileType = sourcecode.swift; path = LogViewController.swift; sourceTree = "<group>"; };
		4F80D51120EC90C500B6C36C /* CalendarController.swift */ = {isa = PBXFileReference; lastKnownFileType = sourcecode.swift; path = CalendarController.swift; sourceTree = "<group>"; };
		4F9C01B2210456C800088212 /* PostCell.swift */ = {isa = PBXFileReference; lastKnownFileType = sourcecode.swift; path = PostCell.swift; sourceTree = "<group>"; };
		4F9E1C8B20FC3B6B006047C1 /* WritingViewController.swift */ = {isa = PBXFileReference; lastKnownFileType = sourcecode.swift; path = WritingViewController.swift; sourceTree = "<group>"; };
		4F9E1C8D20FCB3AF006047C1 /* WishListCell.swift */ = {isa = PBXFileReference; lastKnownFileType = sourcecode.swift; path = WishListCell.swift; sourceTree = "<group>"; };
		4FB218B8211177AE0093AB91 /* PostDetailTextCell.swift */ = {isa = PBXFileReference; lastKnownFileType = sourcecode.swift; path = PostDetailTextCell.swift; sourceTree = "<group>"; };
		4FD0063A20EFE0FC00AF7DED /* DataManager.swift */ = {isa = PBXFileReference; lastKnownFileType = sourcecode.swift; path = DataManager.swift; sourceTree = "<group>"; };
		4FDBAEA520EF402700926817 /* Diary.swift */ = {isa = PBXFileReference; lastKnownFileType = sourcecode.swift; path = Diary.swift; sourceTree = "<group>"; };
		4FF007B620E100C800B7C922 /* kamimeguri.app */ = {isa = PBXFileReference; explicitFileType = wrapper.application; includeInIndex = 0; path = kamimeguri.app; sourceTree = BUILT_PRODUCTS_DIR; };
		4FF007B920E100C800B7C922 /* AppDelegate.swift */ = {isa = PBXFileReference; lastKnownFileType = sourcecode.swift; path = AppDelegate.swift; sourceTree = "<group>"; };
		4FF007C020E100C800B7C922 /* Base */ = {isa = PBXFileReference; lastKnownFileType = file.storyboard; name = Base; path = Base.lproj/Main.storyboard; sourceTree = "<group>"; };
		4FF007C220E100CB00B7C922 /* Assets.xcassets */ = {isa = PBXFileReference; lastKnownFileType = folder.assetcatalog; path = Assets.xcassets; sourceTree = "<group>"; };
		4FF007C520E100CB00B7C922 /* Base */ = {isa = PBXFileReference; lastKnownFileType = file.storyboard; name = Base; path = Base.lproj/LaunchScreen.storyboard; sourceTree = "<group>"; };
		4FF007C720E100CB00B7C922 /* Info.plist */ = {isa = PBXFileReference; lastKnownFileType = text.plist.xml; path = Info.plist; sourceTree = "<group>"; };
		4FFEC4AB21047B2B00C09475 /* PostDetailController.swift */ = {isa = PBXFileReference; lastKnownFileType = sourcecode.swift; path = PostDetailController.swift; sourceTree = "<group>"; };
		6E51A6C08B5585BB4A578A9B /* Pods_kamimeguri.framework */ = {isa = PBXFileReference; explicitFileType = wrapper.framework; includeInIndex = 0; path = Pods_kamimeguri.framework; sourceTree = BUILT_PRODUCTS_DIR; };
		715D9B47BE3C9DC913DEA953 /* Pods-kamimeguri.release.xcconfig */ = {isa = PBXFileReference; includeInIndex = 1; lastKnownFileType = text.xcconfig; name = "Pods-kamimeguri.release.xcconfig"; path = "Pods/Target Support Files/Pods-kamimeguri/Pods-kamimeguri.release.xcconfig"; sourceTree = "<group>"; };
		7AE5653F2115A39000654FF2 /* FileManager+.swift */ = {isa = PBXFileReference; lastKnownFileType = sourcecode.swift; path = "FileManager+.swift"; sourceTree = "<group>"; };
		C3A88EE8D873E8B2C7C681F2 /* Pods-kamimeguri.debug.xcconfig */ = {isa = PBXFileReference; includeInIndex = 1; lastKnownFileType = text.xcconfig; name = "Pods-kamimeguri.debug.xcconfig"; path = "Pods/Target Support Files/Pods-kamimeguri/Pods-kamimeguri.debug.xcconfig"; sourceTree = "<group>"; };
/* End PBXFileReference section */

/* Begin PBXFrameworksBuildPhase section */
		4FF007B320E100C800B7C922 /* Frameworks */ = {
			isa = PBXFrameworksBuildPhase;
			buildActionMask = 2147483647;
			files = (
				56BB0EB4F06E512D61E58F3D /* Pods_kamimeguri.framework in Frameworks */,
			);
			runOnlyForDeploymentPostprocessing = 0;
		};
/* End PBXFrameworksBuildPhase section */

/* Begin PBXGroup section */
		36B7C6C8210600EB004C4B28 /* AppDelegate */ = {
			isa = PBXGroup;
			children = (
				4FF007B920E100C800B7C922 /* AppDelegate.swift */,
			);
			path = AppDelegate;
			sourceTree = "<group>";
		};
		36B7C6C92106025A004C4B28 /* View */ = {
			isa = PBXGroup;
			children = (
				4F2998F420EA4E8C00A4E157 /* TabBarController.swift */,
				36B7C6CE210604B2004C4B28 /* Log */,
				4F9C01B0210440B800088212 /* Post */,
				36B7C6CB2106028A004C4B28 /* Map */,
				4F9C01B12104417B00088212 /* Calendar */,
				36B7C6D021060503004C4B28 /* Writing */,
			);
			path = View;
			sourceTree = "<group>";
		};
		36B7C6CA2106026B004C4B28 /* extension */ = {
			isa = PBXGroup;
			children = (
				4F0CD97B20E2698800B59692 /* UIColor+.swift */,
				4F765762210DE476009BF5F1 /* DateFommat+.swift */,
				4F78366E20FA17B000191051 /* UIView+.swift */,
				36DB052621062CAF00C44FD8 /* Bundle+.swift */,
				7AE5653F2115A39000654FF2 /* FileManager+.swift */,
			);
			path = extension;
			sourceTree = "<group>";
		};
		36B7C6CB2106028A004C4B28 /* Map */ = {
			isa = PBXGroup;
			children = (
				4F213CED20E10877005565A6 /* MapViewController.swift */,
				4F03A12E20F60B5700DF8B8F /* mapStyle.json */,
			);
			path = Map;
			sourceTree = "<group>";
		};
		36B7C6CC210602C0004C4B28 /* Model */ = {
			isa = PBXGroup;
			children = (
				36B7C6CD210602C6004C4B28 /* DataBase */,
			);
			path = Model;
			sourceTree = "<group>";
		};
		36B7C6CD210602C6004C4B28 /* DataBase */ = {
			isa = PBXGroup;
			children = (
				4FDBAEA520EF402700926817 /* Diary.swift */,
			);
			path = DataBase;
			sourceTree = "<group>";
		};
		36B7C6CE210604B2004C4B28 /* Log */ = {
			isa = PBXGroup;
			children = (
				4F80D50F20EC90B600B6C36C /* LogViewController.swift */,
				36B7C6DE21060E9C004C4B28 /* LogData.swift */,
				36B7C6CF210604E9004C4B28 /* Cell */,
			);
			path = Log;
			sourceTree = "<group>";
		};
		36B7C6CF210604E9004C4B28 /* Cell */ = {
			isa = PBXGroup;
			children = (
				4F9C01B2210456C800088212 /* PostCell.swift */,
			);
			path = Cell;
			sourceTree = "<group>";
		};
		36B7C6D021060503004C4B28 /* Writing */ = {
			isa = PBXGroup;
			children = (
				4F9E1C8B20FC3B6B006047C1 /* WritingViewController.swift */,
				4F787E2E20EE33010068B061 /* Camera.swift */,
				36B7C6D121060561004C4B28 /* Cell */,
			);
			path = Writing;
			sourceTree = "<group>";
		};
		36B7C6D121060561004C4B28 /* Cell */ = {
			isa = PBXGroup;
			children = (
				4F9E1C8D20FCB3AF006047C1 /* WishListCell.swift */,
			);
			path = Cell;
			sourceTree = "<group>";
		};
		36B7C6D22106069F004C4B28 /* Storyboard */ = {
			isa = PBXGroup;
			children = (
				4FF007BF20E100C800B7C922 /* Main.storyboard */,
				36B7C6D42106078D004C4B28 /* Log.storyboard */,
				36B7C6DC21060DD6004C4B28 /* Map.storyboard */,
				36B7C6D621060B25004C4B28 /* PostDetail.storyboard */,
				36B7C6D821060BA5004C4B28 /* Writing.storyboard */,
				36B7C6DA21060C1D004C4B28 /* Calendar.storyboard */,
			);
			path = Storyboard;
			sourceTree = "<group>";
		};
		36B7C6D32106070D004C4B28 /* Cell */ = {
			isa = PBXGroup;
			children = (
				4F49C68C20EE86FC00156CFB /* CalendarCell.swift */,
			);
			path = Cell;
			sourceTree = "<group>";
		};
		36B7C6E021061905004C4B28 /* Cell */ = {
			isa = PBXGroup;
			children = (
				36B7C6E12106192C004C4B28 /* PostDetailTitleCell.swift */,
				4FB218B8211177AE0093AB91 /* PostDetailTextCell.swift */,
				36B7C6E32106193E004C4B28 /* PostDetailImageCell.swift */,
			);
			path = Cell;
			sourceTree = "<group>";
		};
		4F9C01B0210440B800088212 /* Post */ = {
			isa = PBXGroup;
			children = (
				4FFEC4AB21047B2B00C09475 /* PostDetailController.swift */,
				36B7C6E021061905004C4B28 /* Cell */,
			);
			path = Post;
			sourceTree = "<group>";
		};
		4F9C01B12104417B00088212 /* Calendar */ = {
			isa = PBXGroup;
			children = (
				4F80D51120EC90C500B6C36C /* CalendarController.swift */,
				4F49C68820EE833000156CFB /* CalendarDate.swift */,
				4FD0063A20EFE0FC00AF7DED /* DataManager.swift */,
				36B7C6D32106070D004C4B28 /* Cell */,
			);
			path = Calendar;
			sourceTree = "<group>";
		};
		4FF007AD20E100C800B7C922 = {
			isa = PBXGroup;
			children = (
				4FF007B820E100C800B7C922 /* kamimeguri */,
				4FF007B720E100C800B7C922 /* Products */,
				8E7DDFBC2B3508467C6BB438 /* Pods */,
				52DC5FFB28DF5187D5305BCC /* Frameworks */,
			);
			sourceTree = "<group>";
		};
		4FF007B720E100C800B7C922 /* Products */ = {
			isa = PBXGroup;
			children = (
				4FF007B620E100C800B7C922 /* kamimeguri.app */,
			);
			name = Products;
			sourceTree = "<group>";
		};
		4FF007B820E100C800B7C922 /* kamimeguri */ = {
			isa = PBXGroup;
			children = (
				36B7C6C8210600EB004C4B28 /* AppDelegate */,
				36B7C6CC210602C0004C4B28 /* Model */,
				36B7C6CA2106026B004C4B28 /* extension */,
				36B7C6C92106025A004C4B28 /* View */,
				36B7C6D22106069F004C4B28 /* Storyboard */,
				4FF007C220E100CB00B7C922 /* Assets.xcassets */,
				4FF007C420E100CB00B7C922 /* LaunchScreen.storyboard */,
				4FF007C720E100CB00B7C922 /* Info.plist */,
			);
			path = kamimeguri;
			sourceTree = "<group>";
		};
		52DC5FFB28DF5187D5305BCC /* Frameworks */ = {
			isa = PBXGroup;
			children = (
				6E51A6C08B5585BB4A578A9B /* Pods_kamimeguri.framework */,
			);
			name = Frameworks;
			sourceTree = "<group>";
		};
		8E7DDFBC2B3508467C6BB438 /* Pods */ = {
			isa = PBXGroup;
			children = (
				C3A88EE8D873E8B2C7C681F2 /* Pods-kamimeguri.debug.xcconfig */,
				715D9B47BE3C9DC913DEA953 /* Pods-kamimeguri.release.xcconfig */,
			);
			name = Pods;
			sourceTree = "<group>";
		};
/* End PBXGroup section */

/* Begin PBXNativeTarget section */
		4FF007B520E100C800B7C922 /* kamimeguri */ = {
			isa = PBXNativeTarget;
			buildConfigurationList = 4FF007CA20E100CB00B7C922 /* Build configuration list for PBXNativeTarget "kamimeguri" */;
			buildPhases = (
				3002F063A9F60C4A45D32F8E /* [CP] Check Pods Manifest.lock */,
				4FF007B220E100C800B7C922 /* Sources */,
				4FF007B320E100C800B7C922 /* Frameworks */,
				4FF007B420E100C800B7C922 /* Resources */,
				3DAE57CC3A937EBA9AA0D80F /* [CP] Copy Pods Resources */,
				8323505AFD374079D76152FF /* [CP] Embed Pods Frameworks */,
			);
			buildRules = (
				7A42A9B92116E14D007D4C8F /* PBXBuildRule */,
			);
			dependencies = (
			);
			name = kamimeguri;
			productName = kamimeguri;
			productReference = 4FF007B620E100C800B7C922 /* kamimeguri.app */;
			productType = "com.apple.product-type.application";
		};
/* End PBXNativeTarget section */

/* Begin PBXProject section */
		4FF007AE20E100C800B7C922 /* Project object */ = {
			isa = PBXProject;
			attributes = {
				LastSwiftUpdateCheck = 0940;
				LastUpgradeCheck = 0940;
				ORGANIZATIONNAME = "Chen Rui";
				TargetAttributes = {
					4FF007B520E100C800B7C922 = {
						CreatedOnToolsVersion = 9.4.1;
					};
				};
			};
			buildConfigurationList = 4FF007B120E100C800B7C922 /* Build configuration list for PBXProject "Kamimeguri" */;
			compatibilityVersion = "Xcode 9.3";
			developmentRegion = en;
			hasScannedForEncodings = 0;
			knownRegions = (
				en,
				Base,
			);
			mainGroup = 4FF007AD20E100C800B7C922;
			productRefGroup = 4FF007B720E100C800B7C922 /* Products */;
			projectDirPath = "";
			projectRoot = "";
			targets = (
				4FF007B520E100C800B7C922 /* kamimeguri */,
			);
		};
/* End PBXProject section */

/* Begin PBXResourcesBuildPhase section */
		4FF007B420E100C800B7C922 /* Resources */ = {
			isa = PBXResourcesBuildPhase;
			buildActionMask = 2147483647;
			files = (
				4FF007C620E100CB00B7C922 /* LaunchScreen.storyboard in Resources */,
				36B7C6D921060BA5004C4B28 /* Writing.storyboard in Resources */,
				36B7C6DD21060DD6004C4B28 /* Map.storyboard in Resources */,
				4F03A12F20F60B5800DF8B8F /* mapStyle.json in Resources */,
				4FF007C320E100CB00B7C922 /* Assets.xcassets in Resources */,
				36B7C6DB21060C1D004C4B28 /* Calendar.storyboard in Resources */,
				4FF007C120E100C800B7C922 /* Main.storyboard in Resources */,
				36B7C6D721060B25004C4B28 /* PostDetail.storyboard in Resources */,
				36B7C6D52106078D004C4B28 /* Log.storyboard in Resources */,
			);
			runOnlyForDeploymentPostprocessing = 0;
		};
/* End PBXResourcesBuildPhase section */

/* Begin PBXShellScriptBuildPhase section */
		3002F063A9F60C4A45D32F8E /* [CP] Check Pods Manifest.lock */ = {
			isa = PBXShellScriptBuildPhase;
			buildActionMask = 2147483647;
			files = (
			);
			inputPaths = (
				"${PODS_PODFILE_DIR_PATH}/Podfile.lock",
				"${PODS_ROOT}/Manifest.lock",
			);
			name = "[CP] Check Pods Manifest.lock";
			outputPaths = (
				"$(DERIVED_FILE_DIR)/Pods-kamimeguri-checkManifestLockResult.txt",
			);
			runOnlyForDeploymentPostprocessing = 0;
			shellPath = /bin/sh;
			shellScript = "diff \"${PODS_PODFILE_DIR_PATH}/Podfile.lock\" \"${PODS_ROOT}/Manifest.lock\" > /dev/null\nif [ $? != 0 ] ; then\n    # print error to STDERR\n    echo \"error: The sandbox is not in sync with the Podfile.lock. Run 'pod install' or update your CocoaPods installation.\" >&2\n    exit 1\nfi\n# This output is used by Xcode 'outputs' to avoid re-running this script phase.\necho \"SUCCESS\" > \"${SCRIPT_OUTPUT_FILE_0}\"\n";
			showEnvVarsInLog = 0;
		};
		3DAE57CC3A937EBA9AA0D80F /* [CP] Copy Pods Resources */ = {
			isa = PBXShellScriptBuildPhase;
			buildActionMask = 2147483647;
			files = (
			);
			inputPaths = (
				"${SRCROOT}/Pods/Target Support Files/Pods-kamimeguri/Pods-kamimeguri-resources.sh",
				"${PODS_ROOT}/GoogleMaps/Maps/Frameworks/GoogleMaps.framework/Resources/GoogleMaps.bundle",
			);
			name = "[CP] Copy Pods Resources";
			outputPaths = (
				"${TARGET_BUILD_DIR}/${UNLOCALIZED_RESOURCES_FOLDER_PATH}/GoogleMaps.bundle",
			);
			runOnlyForDeploymentPostprocessing = 0;
			shellPath = /bin/sh;
			shellScript = "\"${SRCROOT}/Pods/Target Support Files/Pods-kamimeguri/Pods-kamimeguri-resources.sh\"\n";
			showEnvVarsInLog = 0;
		};
		8323505AFD374079D76152FF /* [CP] Embed Pods Frameworks */ = {
			isa = PBXShellScriptBuildPhase;
			buildActionMask = 2147483647;
			files = (
			);
			inputPaths = (
				"${SRCROOT}/Pods/Target Support Files/Pods-kamimeguri/Pods-kamimeguri-frameworks.sh",
				"${BUILT_PRODUCTS_DIR}/Realm/Realm.framework",
				"${BUILT_PRODUCTS_DIR}/RealmSwift/RealmSwift.framework",
			);
			name = "[CP] Embed Pods Frameworks";
			outputPaths = (
				"${TARGET_BUILD_DIR}/${FRAMEWORKS_FOLDER_PATH}/Realm.framework",
				"${TARGET_BUILD_DIR}/${FRAMEWORKS_FOLDER_PATH}/RealmSwift.framework",
			);
			runOnlyForDeploymentPostprocessing = 0;
			shellPath = /bin/sh;
			shellScript = "\"${SRCROOT}/Pods/Target Support Files/Pods-kamimeguri/Pods-kamimeguri-frameworks.sh\"\n";
			showEnvVarsInLog = 0;
		};
/* End PBXShellScriptBuildPhase section */

/* Begin PBXSourcesBuildPhase section */
		4FF007B220E100C800B7C922 /* Sources */ = {
			isa = PBXSourcesBuildPhase;
			buildActionMask = 2147483647;
			files = (
				4F80D51020EC90B600B6C36C /* LogViewController.swift in Sources */,
				4FD0063B20EFE0FC00AF7DED /* DataManager.swift in Sources */,
				4FFEC4AC21047B2B00C09475 /* PostDetailController.swift in Sources */,
				4F78366F20FA17B000191051 /* UIView+.swift in Sources */,
				4F0CD97C20E2698800B59692 /* UIColor+.swift in Sources */,
				4F80D51220EC90C500B6C36C /* CalendarController.swift in Sources */,
				4FDBAEA620EF402700926817 /* Diary.swift in Sources */,
				36B7C6E22106192C004C4B28 /* PostDetailTitleCell.swift in Sources */,
				36B7C6E42106193E004C4B28 /* PostDetailImageCell.swift in Sources */,
				36DB052721062CAF00C44FD8 /* Bundle+.swift in Sources */,
				4FF007BA20E100C800B7C922 /* AppDelegate.swift in Sources */,
				7AE565402115A39000654FF2 /* FileManager+.swift in Sources */,
				4FB218B9211177AE0093AB91 /* PostDetailTextCell.swift in Sources */,
				4F787E2F20EE33010068B061 /* Camera.swift in Sources */,
				4F9E1C8E20FCB3AF006047C1 /* WishListCell.swift in Sources */,
				4F2998F520EA4E8C00A4E157 /* TabBarController.swift in Sources */,
				36B7C6DF21060E9C004C4B28 /* LogData.swift in Sources */,
				4F49C68920EE833000156CFB /* CalendarDate.swift in Sources */,
				4F213CEE20E10877005565A6 /* MapViewController.swift in Sources */,
				4F49C68D20EE86FC00156CFB /* CalendarCell.swift in Sources */,
				4F765763210DE476009BF5F1 /* DateFommat+.swift in Sources */,
				4F9E1C8C20FC3B6B006047C1 /* WritingViewController.swift in Sources */,
				4F9C01B3210456C800088212 /* PostCell.swift in Sources */,
			);
			runOnlyForDeploymentPostprocessing = 0;
		};
/* End PBXSourcesBuildPhase section */

/* Begin PBXVariantGroup section */
		4FF007BF20E100C800B7C922 /* Main.storyboard */ = {
			isa = PBXVariantGroup;
			children = (
				4FF007C020E100C800B7C922 /* Base */,
			);
			name = Main.storyboard;
			sourceTree = "<group>";
		};
		4FF007C420E100CB00B7C922 /* LaunchScreen.storyboard */ = {
			isa = PBXVariantGroup;
			children = (
				4FF007C520E100CB00B7C922 /* Base */,
			);
			name = LaunchScreen.storyboard;
			sourceTree = "<group>";
		};
/* End PBXVariantGroup section */

/* Begin XCBuildConfiguration section */
		4FF007C820E100CB00B7C922 /* Debug */ = {
			isa = XCBuildConfiguration;
			buildSettings = {
				ALWAYS_SEARCH_USER_PATHS = NO;
				CLANG_ANALYZER_NONNULL = YES;
				CLANG_ANALYZER_NUMBER_OBJECT_CONVERSION = YES_AGGRESSIVE;
				CLANG_CXX_LANGUAGE_STANDARD = "gnu++14";
				CLANG_CXX_LIBRARY = "libc++";
				CLANG_ENABLE_MODULES = YES;
				CLANG_ENABLE_OBJC_ARC = YES;
				CLANG_ENABLE_OBJC_WEAK = YES;
				CLANG_WARN_BLOCK_CAPTURE_AUTORELEASING = YES;
				CLANG_WARN_BOOL_CONVERSION = YES;
				CLANG_WARN_COMMA = YES;
				CLANG_WARN_CONSTANT_CONVERSION = YES;
				CLANG_WARN_DEPRECATED_OBJC_IMPLEMENTATIONS = YES;
				CLANG_WARN_DIRECT_OBJC_ISA_USAGE = YES_ERROR;
				CLANG_WARN_DOCUMENTATION_COMMENTS = YES;
				CLANG_WARN_EMPTY_BODY = YES;
				CLANG_WARN_ENUM_CONVERSION = YES;
				CLANG_WARN_INFINITE_RECURSION = YES;
				CLANG_WARN_INT_CONVERSION = YES;
				CLANG_WARN_NON_LITERAL_NULL_CONVERSION = YES;
				CLANG_WARN_OBJC_IMPLICIT_RETAIN_SELF = YES;
				CLANG_WARN_OBJC_LITERAL_CONVERSION = YES;
				CLANG_WARN_OBJC_ROOT_CLASS = YES_ERROR;
				CLANG_WARN_RANGE_LOOP_ANALYSIS = YES;
				CLANG_WARN_STRICT_PROTOTYPES = YES;
				CLANG_WARN_SUSPICIOUS_MOVE = YES;
				CLANG_WARN_UNGUARDED_AVAILABILITY = YES_AGGRESSIVE;
				CLANG_WARN_UNREACHABLE_CODE = YES;
				CLANG_WARN__DUPLICATE_METHOD_MATCH = YES;
				CODE_SIGN_IDENTITY = "iPhone Developer";
				COPY_PHASE_STRIP = NO;
				DEBUG_INFORMATION_FORMAT = dwarf;
				ENABLE_STRICT_OBJC_MSGSEND = YES;
				ENABLE_TESTABILITY = YES;
				GCC_C_LANGUAGE_STANDARD = gnu11;
				GCC_DYNAMIC_NO_PIC = NO;
				GCC_NO_COMMON_BLOCKS = YES;
				GCC_OPTIMIZATION_LEVEL = 0;
				GCC_PREPROCESSOR_DEFINITIONS = (
					"DEBUG=1",
					"$(inherited)",
				);
				GCC_WARN_64_TO_32_BIT_CONVERSION = YES;
				GCC_WARN_ABOUT_RETURN_TYPE = YES_ERROR;
				GCC_WARN_UNDECLARED_SELECTOR = YES;
				GCC_WARN_UNINITIALIZED_AUTOS = YES_AGGRESSIVE;
				GCC_WARN_UNUSED_FUNCTION = YES;
				GCC_WARN_UNUSED_VARIABLE = YES;
				IPHONEOS_DEPLOYMENT_TARGET = 11.3;
				MTL_ENABLE_DEBUG_INFO = YES;
				ONLY_ACTIVE_ARCH = YES;
				SDKROOT = iphoneos11.3;
				SWIFT_ACTIVE_COMPILATION_CONDITIONS = DEBUG;
				SWIFT_OPTIMIZATION_LEVEL = "-Onone";
			};
			name = Debug;
		};
		4FF007C920E100CB00B7C922 /* Release */ = {
			isa = XCBuildConfiguration;
			buildSettings = {
				ALWAYS_SEARCH_USER_PATHS = NO;
				CLANG_ANALYZER_NONNULL = YES;
				CLANG_ANALYZER_NUMBER_OBJECT_CONVERSION = YES_AGGRESSIVE;
				CLANG_CXX_LANGUAGE_STANDARD = "gnu++14";
				CLANG_CXX_LIBRARY = "libc++";
				CLANG_ENABLE_MODULES = YES;
				CLANG_ENABLE_OBJC_ARC = YES;
				CLANG_ENABLE_OBJC_WEAK = YES;
				CLANG_WARN_BLOCK_CAPTURE_AUTORELEASING = YES;
				CLANG_WARN_BOOL_CONVERSION = YES;
				CLANG_WARN_COMMA = YES;
				CLANG_WARN_CONSTANT_CONVERSION = YES;
				CLANG_WARN_DEPRECATED_OBJC_IMPLEMENTATIONS = YES;
				CLANG_WARN_DIRECT_OBJC_ISA_USAGE = YES_ERROR;
				CLANG_WARN_DOCUMENTATION_COMMENTS = YES;
				CLANG_WARN_EMPTY_BODY = YES;
				CLANG_WARN_ENUM_CONVERSION = YES;
				CLANG_WARN_INFINITE_RECURSION = YES;
				CLANG_WARN_INT_CONVERSION = YES;
				CLANG_WARN_NON_LITERAL_NULL_CONVERSION = YES;
				CLANG_WARN_OBJC_IMPLICIT_RETAIN_SELF = YES;
				CLANG_WARN_OBJC_LITERAL_CONVERSION = YES;
				CLANG_WARN_OBJC_ROOT_CLASS = YES_ERROR;
				CLANG_WARN_RANGE_LOOP_ANALYSIS = YES;
				CLANG_WARN_STRICT_PROTOTYPES = YES;
				CLANG_WARN_SUSPICIOUS_MOVE = YES;
				CLANG_WARN_UNGUARDED_AVAILABILITY = YES_AGGRESSIVE;
				CLANG_WARN_UNREACHABLE_CODE = YES;
				CLANG_WARN__DUPLICATE_METHOD_MATCH = YES;
				CODE_SIGN_IDENTITY = "iPhone Developer";
				COPY_PHASE_STRIP = NO;
				DEBUG_INFORMATION_FORMAT = "dwarf-with-dsym";
				ENABLE_NS_ASSERTIONS = NO;
				ENABLE_STRICT_OBJC_MSGSEND = YES;
				GCC_C_LANGUAGE_STANDARD = gnu11;
				GCC_NO_COMMON_BLOCKS = YES;
				GCC_WARN_64_TO_32_BIT_CONVERSION = YES;
				GCC_WARN_ABOUT_RETURN_TYPE = YES_ERROR;
				GCC_WARN_UNDECLARED_SELECTOR = YES;
				GCC_WARN_UNINITIALIZED_AUTOS = YES_AGGRESSIVE;
				GCC_WARN_UNUSED_FUNCTION = YES;
				GCC_WARN_UNUSED_VARIABLE = YES;
				IPHONEOS_DEPLOYMENT_TARGET = 11.3;
				MTL_ENABLE_DEBUG_INFO = NO;
				ONLY_ACTIVE_ARCH = NO;
				SDKROOT = iphoneos11.3;
				SWIFT_COMPILATION_MODE = wholemodule;
				SWIFT_OPTIMIZATION_LEVEL = "-O";
				VALIDATE_PRODUCT = YES;
			};
			name = Release;
		};
		4FF007CB20E100CB00B7C922 /* Debug */ = {
			isa = XCBuildConfiguration;
			baseConfigurationReference = C3A88EE8D873E8B2C7C681F2 /* Pods-kamimeguri.debug.xcconfig */;
			buildSettings = {
				ASSETCATALOG_COMPILER_APPICON_NAME = AppIcon;
				CODE_SIGN_STYLE = Automatic;
				DEVELOPMENT_TEAM = N27P8FWLGD;
				INFOPLIST_FILE = kamimeguri/Info.plist;
				IPHONEOS_DEPLOYMENT_TARGET = 11.3;
				LD_RUNPATH_SEARCH_PATHS = (
					"$(inherited)",
					"@executable_path/Frameworks",
				);
				PRODUCT_BUNDLE_IDENTIFIER = chenrui.kamimeguri;
				PRODUCT_NAME = "$(TARGET_NAME)";
				SWIFT_VERSION = 4.0;
				TARGETED_DEVICE_FAMILY = "1,2";
			};
			name = Debug;
		};
		4FF007CC20E100CB00B7C922 /* Release */ = {
			isa = XCBuildConfiguration;
			baseConfigurationReference = 715D9B47BE3C9DC913DEA953 /* Pods-kamimeguri.release.xcconfig */;
			buildSettings = {
				ASSETCATALOG_COMPILER_APPICON_NAME = AppIcon;
				CODE_SIGN_STYLE = Automatic;
				DEVELOPMENT_TEAM = N27P8FWLGD;
				INFOPLIST_FILE = kamimeguri/Info.plist;
				IPHONEOS_DEPLOYMENT_TARGET = 11.3;
				LD_RUNPATH_SEARCH_PATHS = (
					"$(inherited)",
					"@executable_path/Frameworks",
				);
				PRODUCT_BUNDLE_IDENTIFIER = chenrui.kamimeguri;
				PRODUCT_NAME = "$(TARGET_NAME)";
				SWIFT_VERSION = 4.0;
				TARGETED_DEVICE_FAMILY = "1,2";
			};
			name = Release;
		};
/* End XCBuildConfiguration section */

/* Begin XCConfigurationList section */
		4FF007B120E100C800B7C922 /* Build configuration list for PBXProject "Kamimeguri" */ = {
			isa = XCConfigurationList;
			buildConfigurations = (
				4FF007C820E100CB00B7C922 /* Debug */,
				4FF007C920E100CB00B7C922 /* Release */,
			);
			defaultConfigurationIsVisible = 0;
			defaultConfigurationName = Release;
		};
		4FF007CA20E100CB00B7C922 /* Build configuration list for PBXNativeTarget "kamimeguri" */ = {
			isa = XCConfigurationList;
			buildConfigurations = (
				4FF007CB20E100CB00B7C922 /* Debug */,
				4FF007CC20E100CB00B7C922 /* Release */,
			);
			defaultConfigurationIsVisible = 0;
			defaultConfigurationName = Release;
		};
/* End XCConfigurationList section */
	};
	rootObject = 4FF007AE20E100C800B7C922 /* Project object */;
}
